
Microsoft Visual Studio Solution File, Format Version 12.00
Project("{FAE04EC0-301F-11D3-BF4B-00C04F79EFBC}") = "TelegramGroupsAdmin", "TelegramGroupsAdmin\TelegramGroupsAdmin.csproj", "{8357DB82-AE99-44FB-A4A0-B1F9F1897C82}"
EndProject
Project("{FAE04EC0-301F-11D3-BF4B-00C04F79EFBC}") = "TelegramGroupsAdmin.Data", "TelegramGroupsAdmin.Data\TelegramGroupsAdmin.Data.csproj", "{B4C39FB0-0DD9-474D-B63A-77AC4992E45A}"
EndProject
Project("{FAE04EC0-301F-11D3-BF4B-00C04F79EFBC}") = "TelegramGroupsAdmin.ContentDetection", "TelegramGroupsAdmin.ContentDetection\TelegramGroupsAdmin.ContentDetection.csproj", "{F24AFE5D-7603-4634-A7A3-C6F09773049C}"
EndProject
Project("{FAE04EC0-301F-11D3-BF4B-00C04F79EFBC}") = "TelegramGroupsAdmin.Configuration", "TelegramGroupsAdmin.Configuration\TelegramGroupsAdmin.Configuration.csproj", "{982F34D8-C0A5-4F2D-AAEC-272281DE4271}"
EndProject
Project("{FAE04EC0-301F-11D3-BF4B-00C04F79EFBC}") = "TelegramGroupsAdmin.Telegram", "TelegramGroupsAdmin.Telegram\TelegramGroupsAdmin.Telegram.csproj", "{CB486FA5-248B-4FD9-AF0C-C2ECC5FA41A1}"
EndProject
Project("{FAE04EC0-301F-11D3-BF4B-00C04F79EFBC}") = "TelegramGroupsAdmin.Core", "TelegramGroupsAdmin.Core\TelegramGroupsAdmin.Core.csproj", "{5D93CE34-0A2C-45DC-9D2A-8B705F145D69}"
EndProject
Project("{FAE04EC0-301F-11D3-BF4B-00C04F79EFBC}") = "TelegramGroupsAdmin.BackgroundJobs", "TelegramGroupsAdmin.BackgroundJobs\TelegramGroupsAdmin.BackgroundJobs.csproj", "{3B8DD04E-CA1F-4CCC-B0A9-53A9F7C6F531}"
EndProject
Project("{FAE04EC0-301F-11D3-BF4B-00C04F79EFBC}") = "TelegramGroupsAdmin.E2ETests", "TelegramGroupsAdmin.E2ETests\TelegramGroupsAdmin.E2ETests.csproj", "{FB768838-DFD5-4EDD-85FB-A818878D9C40}"
EndProject
Project("{FAE04EC0-301F-11D3-BF4B-00C04F79EFBC}") = "TelegramGroupsAdmin.ComponentTests", "TelegramGroupsAdmin.ComponentTests\TelegramGroupsAdmin.ComponentTests.csproj", "{570DFFFA-B78D-4ED1-9E19-D1DAD8DE8FB1}"
EndProject
Project("{FAE04EC0-301F-11D3-BF4B-00C04F79EFBC}") = "TelegramGroupsAdmin.IntegrationTests", "TelegramGroupsAdmin.IntegrationTests\TelegramGroupsAdmin.IntegrationTests.csproj", "{EB5E682E-C4D6-467C-925D-405C01F8B7F7}"
EndProject
Project("{FAE04EC0-301F-11D3-BF4B-00C04F79EFBC}") = "TelegramGroupsAdmin.UnitTests", "TelegramGroupsAdmin.UnitTests\TelegramGroupsAdmin.UnitTests.csproj", "{BD9C1017-F781-4ED8-B8E9-FD724DCA152B}"
EndProject
Project("{FAE04EC0-301F-11D3-BF4B-00C04F79EFBC}") = "TelegramGroupsAdmin.Ui", "TelegramGroupsAdmin.Ui\TelegramGroupsAdmin.Ui.csproj", "{BAC363ED-69F5-4AEA-98BE-DADC2B57F9B6}"
EndProject
Project("{FAE04EC0-301F-11D3-BF4B-00C04F79EFBC}") = "TelegramGroupsAdmin.Ui.Server", "TelegramGroupsAdmin.Ui.Server\TelegramGroupsAdmin.Ui.Server.csproj", "{0B020CDD-4F4D-4820-8049-8981D4ECE766}"
EndProject
Global
	GlobalSection(SolutionConfigurationPlatforms) = preSolution
		Debug|Any CPU = Debug|Any CPU
		Debug|x64 = Debug|x64
		Debug|x86 = Debug|x86
		Release|Any CPU = Release|Any CPU
		Release|x64 = Release|x64
		Release|x86 = Release|x86
	EndGlobalSection
	GlobalSection(ProjectConfigurationPlatforms) = postSolution
		{8357DB82-AE99-44FB-A4A0-B1F9F1897C82}.Debug|Any CPU.ActiveCfg = Debug|Any CPU
		{8357DB82-AE99-44FB-A4A0-B1F9F1897C82}.Debug|Any CPU.Build.0 = Debug|Any CPU
		{8357DB82-AE99-44FB-A4A0-B1F9F1897C82}.Debug|x64.ActiveCfg = Debug|Any CPU
		{8357DB82-AE99-44FB-A4A0-B1F9F1897C82}.Debug|x64.Build.0 = Debug|Any CPU
		{8357DB82-AE99-44FB-A4A0-B1F9F1897C82}.Debug|x86.ActiveCfg = Debug|Any CPU
		{8357DB82-AE99-44FB-A4A0-B1F9F1897C82}.Debug|x86.Build.0 = Debug|Any CPU
		{8357DB82-AE99-44FB-A4A0-B1F9F1897C82}.Release|Any CPU.ActiveCfg = Release|Any CPU
		{8357DB82-AE99-44FB-A4A0-B1F9F1897C82}.Release|Any CPU.Build.0 = Release|Any CPU
		{8357DB82-AE99-44FB-A4A0-B1F9F1897C82}.Release|x64.ActiveCfg = Release|Any CPU
		{8357DB82-AE99-44FB-A4A0-B1F9F1897C82}.Release|x64.Build.0 = Release|Any CPU
		{8357DB82-AE99-44FB-A4A0-B1F9F1897C82}.Release|x86.ActiveCfg = Release|Any CPU
		{8357DB82-AE99-44FB-A4A0-B1F9F1897C82}.Release|x86.Build.0 = Release|Any CPU
		{B4C39FB0-0DD9-474D-B63A-77AC4992E45A}.Debug|Any CPU.ActiveCfg = Debug|Any CPU
		{B4C39FB0-0DD9-474D-B63A-77AC4992E45A}.Debug|Any CPU.Build.0 = Debug|Any CPU
		{B4C39FB0-0DD9-474D-B63A-77AC4992E45A}.Debug|x64.ActiveCfg = Debug|Any CPU
		{B4C39FB0-0DD9-474D-B63A-77AC4992E45A}.Debug|x64.Build.0 = Debug|Any CPU
		{B4C39FB0-0DD9-474D-B63A-77AC4992E45A}.Debug|x86.ActiveCfg = Debug|Any CPU
		{B4C39FB0-0DD9-474D-B63A-77AC4992E45A}.Debug|x86.Build.0 = Debug|Any CPU
		{B4C39FB0-0DD9-474D-B63A-77AC4992E45A}.Release|Any CPU.ActiveCfg = Release|Any CPU
		{B4C39FB0-0DD9-474D-B63A-77AC4992E45A}.Release|Any CPU.Build.0 = Release|Any CPU
		{B4C39FB0-0DD9-474D-B63A-77AC4992E45A}.Release|x64.ActiveCfg = Release|Any CPU
		{B4C39FB0-0DD9-474D-B63A-77AC4992E45A}.Release|x64.Build.0 = Release|Any CPU
		{B4C39FB0-0DD9-474D-B63A-77AC4992E45A}.Release|x86.ActiveCfg = Release|Any CPU
		{B4C39FB0-0DD9-474D-B63A-77AC4992E45A}.Release|x86.Build.0 = Release|Any CPU
		{F24AFE5D-7603-4634-A7A3-C6F09773049C}.Debug|Any CPU.ActiveCfg = Debug|Any CPU
		{F24AFE5D-7603-4634-A7A3-C6F09773049C}.Debug|Any CPU.Build.0 = Debug|Any CPU
		{F24AFE5D-7603-4634-A7A3-C6F09773049C}.Debug|x64.ActiveCfg = Debug|Any CPU
		{F24AFE5D-7603-4634-A7A3-C6F09773049C}.Debug|x64.Build.0 = Debug|Any CPU
		{F24AFE5D-7603-4634-A7A3-C6F09773049C}.Debug|x86.ActiveCfg = Debug|Any CPU
		{F24AFE5D-7603-4634-A7A3-C6F09773049C}.Debug|x86.Build.0 = Debug|Any CPU
		{F24AFE5D-7603-4634-A7A3-C6F09773049C}.Release|Any CPU.ActiveCfg = Release|Any CPU
		{F24AFE5D-7603-4634-A7A3-C6F09773049C}.Release|Any CPU.Build.0 = Release|Any CPU
		{F24AFE5D-7603-4634-A7A3-C6F09773049C}.Release|x64.ActiveCfg = Release|Any CPU
		{F24AFE5D-7603-4634-A7A3-C6F09773049C}.Release|x64.Build.0 = Release|Any CPU
		{F24AFE5D-7603-4634-A7A3-C6F09773049C}.Release|x86.ActiveCfg = Release|Any CPU
		{F24AFE5D-7603-4634-A7A3-C6F09773049C}.Release|x86.Build.0 = Release|Any CPU
		{982F34D8-C0A5-4F2D-AAEC-272281DE4271}.Debug|Any CPU.ActiveCfg = Debug|Any CPU
		{982F34D8-C0A5-4F2D-AAEC-272281DE4271}.Debug|Any CPU.Build.0 = Debug|Any CPU
		{982F34D8-C0A5-4F2D-AAEC-272281DE4271}.Debug|x64.ActiveCfg = Debug|Any CPU
		{982F34D8-C0A5-4F2D-AAEC-272281DE4271}.Debug|x64.Build.0 = Debug|Any CPU
		{982F34D8-C0A5-4F2D-AAEC-272281DE4271}.Debug|x86.ActiveCfg = Debug|Any CPU
		{982F34D8-C0A5-4F2D-AAEC-272281DE4271}.Debug|x86.Build.0 = Debug|Any CPU
		{982F34D8-C0A5-4F2D-AAEC-272281DE4271}.Release|Any CPU.ActiveCfg = Release|Any CPU
		{982F34D8-C0A5-4F2D-AAEC-272281DE4271}.Release|Any CPU.Build.0 = Release|Any CPU
		{982F34D8-C0A5-4F2D-AAEC-272281DE4271}.Release|x64.ActiveCfg = Release|Any CPU
		{982F34D8-C0A5-4F2D-AAEC-272281DE4271}.Release|x64.Build.0 = Release|Any CPU
		{982F34D8-C0A5-4F2D-AAEC-272281DE4271}.Release|x86.ActiveCfg = Release|Any CPU
		{982F34D8-C0A5-4F2D-AAEC-272281DE4271}.Release|x86.Build.0 = Release|Any CPU
		{CB486FA5-248B-4FD9-AF0C-C2ECC5FA41A1}.Debug|Any CPU.ActiveCfg = Debug|Any CPU
		{CB486FA5-248B-4FD9-AF0C-C2ECC5FA41A1}.Debug|Any CPU.Build.0 = Debug|Any CPU
		{CB486FA5-248B-4FD9-AF0C-C2ECC5FA41A1}.Debug|x64.ActiveCfg = Debug|Any CPU
		{CB486FA5-248B-4FD9-AF0C-C2ECC5FA41A1}.Debug|x64.Build.0 = Debug|Any CPU
		{CB486FA5-248B-4FD9-AF0C-C2ECC5FA41A1}.Debug|x86.ActiveCfg = Debug|Any CPU
		{CB486FA5-248B-4FD9-AF0C-C2ECC5FA41A1}.Debug|x86.Build.0 = Debug|Any CPU
		{CB486FA5-248B-4FD9-AF0C-C2ECC5FA41A1}.Release|Any CPU.ActiveCfg = Release|Any CPU
		{CB486FA5-248B-4FD9-AF0C-C2ECC5FA41A1}.Release|Any CPU.Build.0 = Release|Any CPU
		{CB486FA5-248B-4FD9-AF0C-C2ECC5FA41A1}.Release|x64.ActiveCfg = Release|Any CPU
		{CB486FA5-248B-4FD9-AF0C-C2ECC5FA41A1}.Release|x64.Build.0 = Release|Any CPU
		{CB486FA5-248B-4FD9-AF0C-C2ECC5FA41A1}.Release|x86.ActiveCfg = Release|Any CPU
		{CB486FA5-248B-4FD9-AF0C-C2ECC5FA41A1}.Release|x86.Build.0 = Release|Any CPU
		{5D93CE34-0A2C-45DC-9D2A-8B705F145D69}.Debug|Any CPU.ActiveCfg = Debug|Any CPU
		{5D93CE34-0A2C-45DC-9D2A-8B705F145D69}.Debug|Any CPU.Build.0 = Debug|Any CPU
		{5D93CE34-0A2C-45DC-9D2A-8B705F145D69}.Debug|x64.ActiveCfg = Debug|Any CPU
		{5D93CE34-0A2C-45DC-9D2A-8B705F145D69}.Debug|x64.Build.0 = Debug|Any CPU
		{5D93CE34-0A2C-45DC-9D2A-8B705F145D69}.Debug|x86.ActiveCfg = Debug|Any CPU
		{5D93CE34-0A2C-45DC-9D2A-8B705F145D69}.Debug|x86.Build.0 = Debug|Any CPU
		{5D93CE34-0A2C-45DC-9D2A-8B705F145D69}.Release|Any CPU.ActiveCfg = Release|Any CPU
		{5D93CE34-0A2C-45DC-9D2A-8B705F145D69}.Release|Any CPU.Build.0 = Release|Any CPU
		{5D93CE34-0A2C-45DC-9D2A-8B705F145D69}.Release|x64.ActiveCfg = Release|Any CPU
		{5D93CE34-0A2C-45DC-9D2A-8B705F145D69}.Release|x64.Build.0 = Release|Any CPU
		{5D93CE34-0A2C-45DC-9D2A-8B705F145D69}.Release|x86.ActiveCfg = Release|Any CPU
		{5D93CE34-0A2C-45DC-9D2A-8B705F145D69}.Release|x86.Build.0 = Release|Any CPU
		{3B8DD04E-CA1F-4CCC-B0A9-53A9F7C6F531}.Debug|Any CPU.ActiveCfg = Debug|Any CPU
		{3B8DD04E-CA1F-4CCC-B0A9-53A9F7C6F531}.Debug|Any CPU.Build.0 = Debug|Any CPU
		{3B8DD04E-CA1F-4CCC-B0A9-53A9F7C6F531}.Debug|x64.ActiveCfg = Debug|Any CPU
		{3B8DD04E-CA1F-4CCC-B0A9-53A9F7C6F531}.Debug|x64.Build.0 = Debug|Any CPU
		{3B8DD04E-CA1F-4CCC-B0A9-53A9F7C6F531}.Debug|x86.ActiveCfg = Debug|Any CPU
		{3B8DD04E-CA1F-4CCC-B0A9-53A9F7C6F531}.Debug|x86.Build.0 = Debug|Any CPU
		{3B8DD04E-CA1F-4CCC-B0A9-53A9F7C6F531}.Release|Any CPU.ActiveCfg = Release|Any CPU
		{3B8DD04E-CA1F-4CCC-B0A9-53A9F7C6F531}.Release|Any CPU.Build.0 = Release|Any CPU
		{3B8DD04E-CA1F-4CCC-B0A9-53A9F7C6F531}.Release|x64.ActiveCfg = Release|Any CPU
		{3B8DD04E-CA1F-4CCC-B0A9-53A9F7C6F531}.Release|x64.Build.0 = Release|Any CPU
		{3B8DD04E-CA1F-4CCC-B0A9-53A9F7C6F531}.Release|x86.ActiveCfg = Release|Any CPU
		{3B8DD04E-CA1F-4CCC-B0A9-53A9F7C6F531}.Release|x86.Build.0 = Release|Any CPU
		{FB768838-DFD5-4EDD-85FB-A818878D9C40}.Debug|Any CPU.ActiveCfg = Debug|Any CPU
		{FB768838-DFD5-4EDD-85FB-A818878D9C40}.Debug|Any CPU.Build.0 = Debug|Any CPU
		{FB768838-DFD5-4EDD-85FB-A818878D9C40}.Debug|x64.ActiveCfg = Debug|Any CPU
		{FB768838-DFD5-4EDD-85FB-A818878D9C40}.Debug|x64.Build.0 = Debug|Any CPU
		{FB768838-DFD5-4EDD-85FB-A818878D9C40}.Debug|x86.ActiveCfg = Debug|Any CPU
		{FB768838-DFD5-4EDD-85FB-A818878D9C40}.Debug|x86.Build.0 = Debug|Any CPU
		{FB768838-DFD5-4EDD-85FB-A818878D9C40}.Release|Any CPU.ActiveCfg = Release|Any CPU
		{FB768838-DFD5-4EDD-85FB-A818878D9C40}.Release|Any CPU.Build.0 = Release|Any CPU
		{FB768838-DFD5-4EDD-85FB-A818878D9C40}.Release|x64.ActiveCfg = Release|Any CPU
		{FB768838-DFD5-4EDD-85FB-A818878D9C40}.Release|x64.Build.0 = Release|Any CPU
		{FB768838-DFD5-4EDD-85FB-A818878D9C40}.Release|x86.ActiveCfg = Release|Any CPU
		{FB768838-DFD5-4EDD-85FB-A818878D9C40}.Release|x86.Build.0 = Release|Any CPU
		{570DFFFA-B78D-4ED1-9E19-D1DAD8DE8FB1}.Debug|Any CPU.ActiveCfg = Debug|Any CPU
		{570DFFFA-B78D-4ED1-9E19-D1DAD8DE8FB1}.Debug|Any CPU.Build.0 = Debug|Any CPU
		{570DFFFA-B78D-4ED1-9E19-D1DAD8DE8FB1}.Debug|x64.ActiveCfg = Debug|Any CPU
		{570DFFFA-B78D-4ED1-9E19-D1DAD8DE8FB1}.Debug|x64.Build.0 = Debug|Any CPU
		{570DFFFA-B78D-4ED1-9E19-D1DAD8DE8FB1}.Debug|x86.ActiveCfg = Debug|Any CPU
		{570DFFFA-B78D-4ED1-9E19-D1DAD8DE8FB1}.Debug|x86.Build.0 = Debug|Any CPU
		{570DFFFA-B78D-4ED1-9E19-D1DAD8DE8FB1}.Release|Any CPU.ActiveCfg = Release|Any CPU
		{570DFFFA-B78D-4ED1-9E19-D1DAD8DE8FB1}.Release|Any CPU.Build.0 = Release|Any CPU
		{570DFFFA-B78D-4ED1-9E19-D1DAD8DE8FB1}.Release|x64.ActiveCfg = Release|Any CPU
		{570DFFFA-B78D-4ED1-9E19-D1DAD8DE8FB1}.Release|x64.Build.0 = Release|Any CPU
		{570DFFFA-B78D-4ED1-9E19-D1DAD8DE8FB1}.Release|x86.ActiveCfg = Release|Any CPU
		{570DFFFA-B78D-4ED1-9E19-D1DAD8DE8FB1}.Release|x86.Build.0 = Release|Any CPU
		{EB5E682E-C4D6-467C-925D-405C01F8B7F7}.Debug|Any CPU.ActiveCfg = Debug|Any CPU
		{EB5E682E-C4D6-467C-925D-405C01F8B7F7}.Debug|Any CPU.Build.0 = Debug|Any CPU
		{EB5E682E-C4D6-467C-925D-405C01F8B7F7}.Debug|x64.ActiveCfg = Debug|Any CPU
		{EB5E682E-C4D6-467C-925D-405C01F8B7F7}.Debug|x64.Build.0 = Debug|Any CPU
		{EB5E682E-C4D6-467C-925D-405C01F8B7F7}.Debug|x86.ActiveCfg = Debug|Any CPU
		{EB5E682E-C4D6-467C-925D-405C01F8B7F7}.Debug|x86.Build.0 = Debug|Any CPU
		{EB5E682E-C4D6-467C-925D-405C01F8B7F7}.Release|Any CPU.ActiveCfg = Release|Any CPU
		{EB5E682E-C4D6-467C-925D-405C01F8B7F7}.Release|Any CPU.Build.0 = Release|Any CPU
		{EB5E682E-C4D6-467C-925D-405C01F8B7F7}.Release|x64.ActiveCfg = Release|Any CPU
		{EB5E682E-C4D6-467C-925D-405C01F8B7F7}.Release|x64.Build.0 = Release|Any CPU
		{EB5E682E-C4D6-467C-925D-405C01F8B7F7}.Release|x86.ActiveCfg = Release|Any CPU
		{EB5E682E-C4D6-467C-925D-405C01F8B7F7}.Release|x86.Build.0 = Release|Any CPU
		{BD9C1017-F781-4ED8-B8E9-FD724DCA152B}.Debug|Any CPU.ActiveCfg = Debug|Any CPU
		{BD9C1017-F781-4ED8-B8E9-FD724DCA152B}.Debug|Any CPU.Build.0 = Debug|Any CPU
		{BD9C1017-F781-4ED8-B8E9-FD724DCA152B}.Debug|x64.ActiveCfg = Debug|Any CPU
		{BD9C1017-F781-4ED8-B8E9-FD724DCA152B}.Debug|x64.Build.0 = Debug|Any CPU
		{BD9C1017-F781-4ED8-B8E9-FD724DCA152B}.Debug|x86.ActiveCfg = Debug|Any CPU
		{BD9C1017-F781-4ED8-B8E9-FD724DCA152B}.Debug|x86.Build.0 = Debug|Any CPU
		{BD9C1017-F781-4ED8-B8E9-FD724DCA152B}.Release|Any CPU.ActiveCfg = Release|Any CPU
		{BD9C1017-F781-4ED8-B8E9-FD724DCA152B}.Release|Any CPU.Build.0 = Release|Any CPU
		{BD9C1017-F781-4ED8-B8E9-FD724DCA152B}.Release|x64.ActiveCfg = Release|Any CPU
		{BD9C1017-F781-4ED8-B8E9-FD724DCA152B}.Release|x64.Build.0 = Release|Any CPU
		{BD9C1017-F781-4ED8-B8E9-FD724DCA152B}.Release|x86.ActiveCfg = Release|Any CPU
		{BD9C1017-F781-4ED8-B8E9-FD724DCA152B}.Release|x86.Build.0 = Release|Any CPU
		{BAC363ED-69F5-4AEA-98BE-DADC2B57F9B6}.Debug|Any CPU.ActiveCfg = Debug|Any CPU
		{BAC363ED-69F5-4AEA-98BE-DADC2B57F9B6}.Debug|Any CPU.Build.0 = Debug|Any CPU
		{BAC363ED-69F5-4AEA-98BE-DADC2B57F9B6}.Debug|x64.ActiveCfg = Debug|Any CPU
		{BAC363ED-69F5-4AEA-98BE-DADC2B57F9B6}.Debug|x64.Build.0 = Debug|Any CPU
		{BAC363ED-69F5-4AEA-98BE-DADC2B57F9B6}.Debug|x86.ActiveCfg = Debug|Any CPU
		{BAC363ED-69F5-4AEA-98BE-DADC2B57F9B6}.Debug|x86.Build.0 = Debug|Any CPU
		{BAC363ED-69F5-4AEA-98BE-DADC2B57F9B6}.Release|Any CPU.ActiveCfg = Release|Any CPU
		{BAC363ED-69F5-4AEA-98BE-DADC2B57F9B6}.Release|Any CPU.Build.0 = Release|Any CPU
		{BAC363ED-69F5-4AEA-98BE-DADC2B57F9B6}.Release|x64.ActiveCfg = Release|Any CPU
		{BAC363ED-69F5-4AEA-98BE-DADC2B57F9B6}.Release|x64.Build.0 = Release|Any CPU
		{BAC363ED-69F5-4AEA-98BE-DADC2B57F9B6}.Release|x86.ActiveCfg = Release|Any CPU
		{BAC363ED-69F5-4AEA-98BE-DADC2B57F9B6}.Release|x86.Build.0 = Release|Any CPU
		{0B020CDD-4F4D-4820-8049-8981D4ECE766}.Debug|Any CPU.ActiveCfg = Debug|Any CPU
		{0B020CDD-4F4D-4820-8049-8981D4ECE766}.Debug|Any CPU.Build.0 = Debug|Any CPU
		{0B020CDD-4F4D-4820-8049-8981D4ECE766}.Debug|x64.ActiveCfg = Debug|Any CPU
		{0B020CDD-4F4D-4820-8049-8981D4ECE766}.Debug|x64.Build.0 = Debug|Any CPU
		{0B020CDD-4F4D-4820-8049-8981D4ECE766}.Debug|x86.ActiveCfg = Debug|Any CPU
		{0B020CDD-4F4D-4820-8049-8981D4ECE766}.Debug|x86.Build.0 = Debug|Any CPU
		{0B020CDD-4F4D-4820-8049-8981D4ECE766}.Release|Any CPU.ActiveCfg = Release|Any CPU
		{0B020CDD-4F4D-4820-8049-8981D4ECE766}.Release|Any CPU.Build.0 = Release|Any CPU
		{0B020CDD-4F4D-4820-8049-8981D4ECE766}.Release|x64.ActiveCfg = Release|Any CPU
		{0B020CDD-4F4D-4820-8049-8981D4ECE766}.Release|x64.Build.0 = Release|Any CPU
		{0B020CDD-4F4D-4820-8049-8981D4ECE766}.Release|x86.ActiveCfg = Release|Any CPU
		{0B020CDD-4F4D-4820-8049-8981D4ECE766}.Release|x86.Build.0 = Release|Any CPU
	EndGlobalSection
	GlobalSection(SolutionProperties) = preSolution
		HideSolutionNode = FALSE
	EndGlobalSection
EndGlobal
