
Microsoft Visual Studio Solution File, Format Version 12.00
Project("{FAE04EC0-301F-11D3-BF4B-00C04F79EFBC}") = "TgSpam-PreFilterApi", "TgSpam-PreFilterApi\TgSpam-PreFilterApi.csproj", "{8357DB82-AE99-44FB-A4A0-B1F9F1897C82}"
EndProject
Project("{FAE04EC0-301F-11D3-BF4B-00C04F79EFBC}") = "TgSpam-PreFilterApi.Web", "TgSpam-PreFilterApi.Web\TgSpam-PreFilterApi.Web.csproj", "{A338777C-AF29-4205-954C-5A0E15BA970A}"
EndProject
Project("{FAE04EC0-301F-11D3-BF4B-00C04F79EFBC}") = "TgSpam-PreFilterApi.Data", "TgSpam-PreFilterApi.Data\TgSpam-PreFilterApi.Data.csproj", "{B4C39FB0-0DD9-474D-B63A-77AC4992E45A}"
EndProject
Global
	GlobalSection(SolutionConfigurationPlatforms) = preSolution
		Debug|Any CPU = Debug|Any CPU
		Debug|x64 = Debug|x64
		Debug|x86 = Debug|x86
		Release|Any CPU = Release|Any CPU
		Release|x64 = Release|x64
		Release|x86 = Release|x86
	EndGlobalSection
	GlobalSection(ProjectConfigurationPlatforms) = postSolution
		{8357DB82-AE99-44FB-A4A0-B1F9F1897C82}.Debug|Any CPU.ActiveCfg = Debug|Any CPU
		{8357DB82-AE99-44FB-A4A0-B1F9F1897C82}.Debug|Any CPU.Build.0 = Debug|Any CPU
		{8357DB82-AE99-44FB-A4A0-B1F9F1897C82}.Debug|x64.ActiveCfg = Debug|Any CPU
		{8357DB82-AE99-44FB-A4A0-B1F9F1897C82}.Debug|x64.Build.0 = Debug|Any CPU
		{8357DB82-AE99-44FB-A4A0-B1F9F1897C82}.Debug|x86.ActiveCfg = Debug|Any CPU
		{8357DB82-AE99-44FB-A4A0-B1F9F1897C82}.Debug|x86.Build.0 = Debug|Any CPU
		{8357DB82-AE99-44FB-A4A0-B1F9F1897C82}.Release|Any CPU.ActiveCfg = Release|Any CPU
		{8357DB82-AE99-44FB-A4A0-B1F9F1897C82}.Release|Any CPU.Build.0 = Release|Any CPU
		{8357DB82-AE99-44FB-A4A0-B1F9F1897C82}.Release|x64.ActiveCfg = Release|Any CPU
		{8357DB82-AE99-44FB-A4A0-B1F9F1897C82}.Release|x64.Build.0 = Release|Any CPU
		{8357DB82-AE99-44FB-A4A0-B1F9F1897C82}.Release|x86.ActiveCfg = Release|Any CPU
		{8357DB82-AE99-44FB-A4A0-B1F9F1897C82}.Release|x86.Build.0 = Release|Any CPU
		{A338777C-AF29-4205-954C-5A0E15BA970A}.Debug|Any CPU.ActiveCfg = Debug|Any CPU
		{A338777C-AF29-4205-954C-5A0E15BA970A}.Debug|Any CPU.Build.0 = Debug|Any CPU
		{A338777C-AF29-4205-954C-5A0E15BA970A}.Debug|x64.ActiveCfg = Debug|Any CPU
		{A338777C-AF29-4205-954C-5A0E15BA970A}.Debug|x64.Build.0 = Debug|Any CPU
		{A338777C-AF29-4205-954C-5A0E15BA970A}.Debug|x86.ActiveCfg = Debug|Any CPU
		{A338777C-AF29-4205-954C-5A0E15BA970A}.Debug|x86.Build.0 = Debug|Any CPU
		{A338777C-AF29-4205-954C-5A0E15BA970A}.Release|Any CPU.ActiveCfg = Release|Any CPU
		{A338777C-AF29-4205-954C-5A0E15BA970A}.Release|Any CPU.Build.0 = Release|Any CPU
		{A338777C-AF29-4205-954C-5A0E15BA970A}.Release|x64.ActiveCfg = Release|Any CPU
		{A338777C-AF29-4205-954C-5A0E15BA970A}.Release|x64.Build.0 = Release|Any CPU
		{A338777C-AF29-4205-954C-5A0E15BA970A}.Release|x86.ActiveCfg = Release|Any CPU
		{A338777C-AF29-4205-954C-5A0E15BA970A}.Release|x86.Build.0 = Release|Any CPU
		{B4C39FB0-0DD9-474D-B63A-77AC4992E45A}.Debug|Any CPU.ActiveCfg = Debug|Any CPU
		{B4C39FB0-0DD9-474D-B63A-77AC4992E45A}.Debug|Any CPU.Build.0 = Debug|Any CPU
		{B4C39FB0-0DD9-474D-B63A-77AC4992E45A}.Debug|x64.ActiveCfg = Debug|Any CPU
		{B4C39FB0-0DD9-474D-B63A-77AC4992E45A}.Debug|x64.Build.0 = Debug|Any CPU
		{B4C39FB0-0DD9-474D-B63A-77AC4992E45A}.Debug|x86.ActiveCfg = Debug|Any CPU
		{B4C39FB0-0DD9-474D-B63A-77AC4992E45A}.Debug|x86.Build.0 = Debug|Any CPU
		{B4C39FB0-0DD9-474D-B63A-77AC4992E45A}.Release|Any CPU.ActiveCfg = Release|Any CPU
		{B4C39FB0-0DD9-474D-B63A-77AC4992E45A}.Release|Any CPU.Build.0 = Release|Any CPU
		{B4C39FB0-0DD9-474D-B63A-77AC4992E45A}.Release|x64.ActiveCfg = Release|Any CPU
		{B4C39FB0-0DD9-474D-B63A-77AC4992E45A}.Release|x64.Build.0 = Release|Any CPU
		{B4C39FB0-0DD9-474D-B63A-77AC4992E45A}.Release|x86.ActiveCfg = Release|Any CPU
		{B4C39FB0-0DD9-474D-B63A-77AC4992E45A}.Release|x86.Build.0 = Release|Any CPU
	EndGlobalSection
	GlobalSection(SolutionProperties) = preSolution
		HideSolutionNode = FALSE
	EndGlobalSection
EndGlobal
